
Microsoft Visual Studio Solution File, Format Version 12.00
# Visual Studio Version 16
VisualStudioVersion = 16.0.29806.167
MinimumVisualStudioVersion = 10.0.40219.1
Project("{FAE04EC0-301F-11D3-BF4B-00C04F79EFBC}") = "Server", "Saugumas5Darbas\Server.csproj", "{20525FF0-D19B-4D39-BC7E-22763775E930}"
EndProject
Project("{FAE04EC0-301F-11D3-BF4B-00C04F79EFBC}") = "Client", "Client\Client.csproj", "{00106C3C-9622-4855-8AE0-FF1A75278F8C}"
EndProject
Global
	GlobalSection(SolutionConfigurationPlatforms) = preSolution
		Debug|Any CPU = Debug|Any CPU
		Release|Any CPU = Release|Any CPU
	EndGlobalSection
	GlobalSection(ProjectConfigurationPlatforms) = postSolution
		{20525FF0-D19B-4D39-BC7E-22763775E930}.Debug|Any CPU.ActiveCfg = Debug|Any CPU
		{20525FF0-D19B-4D39-BC7E-22763775E930}.Debug|Any CPU.Build.0 = Debug|Any CPU
		{20525FF0-D19B-4D39-BC7E-22763775E930}.Release|Any CPU.ActiveCfg = Release|Any CPU
		{20525FF0-D19B-4D39-BC7E-22763775E930}.Release|Any CPU.Build.0 = Release|Any CPU
		{00106C3C-9622-4855-8AE0-FF1A75278F8C}.Debug|Any CPU.ActiveCfg = Debug|Any CPU
		{00106C3C-9622-4855-8AE0-FF1A75278F8C}.Debug|Any CPU.Build.0 = Debug|Any CPU
		{00106C3C-9622-4855-8AE0-FF1A75278F8C}.Release|Any CPU.ActiveCfg = Release|Any CPU
		{00106C3C-9622-4855-8AE0-FF1A75278F8C}.Release|Any CPU.Build.0 = Release|Any CPU
	EndGlobalSection
	GlobalSection(SolutionProperties) = preSolution
		HideSolutionNode = FALSE
	EndGlobalSection
	GlobalSection(ExtensibilityGlobals) = postSolution
		SolutionGuid = {0128F09F-C878-4B75-9E8D-BF14F1590467}
	EndGlobalSection
EndGlobal
